
Microsoft Visual Studio Solution File, Format Version 12.00
# Visual Studio 15
VisualStudioVersion = 15.0.28307.645
MinimumVisualStudioVersion = 10.0.40219.1
Project("{FAE04EC0-301F-11D3-BF4B-00C04F79EFBC}") = "PaymentApp", "PaymentApp\PaymentApp.csproj", "{35FE228E-ED95-47E1-BF82-4398C4C8C680}"
EndProject
Global
	GlobalSection(SolutionConfigurationPlatforms) = preSolution
		Debug|Any CPU = Debug|Any CPU
		Release|Any CPU = Release|Any CPU
	EndGlobalSection
	GlobalSection(ProjectConfigurationPlatforms) = postSolution
		{35FE228E-ED95-47E1-BF82-4398C4C8C680}.Debug|Any CPU.ActiveCfg = Debug|Any CPU
		{35FE228E-ED95-47E1-BF82-4398C4C8C680}.Debug|Any CPU.Build.0 = Debug|Any CPU
		{35FE228E-ED95-47E1-BF82-4398C4C8C680}.Release|Any CPU.ActiveCfg = Release|Any CPU
		{35FE228E-ED95-47E1-BF82-4398C4C8C680}.Release|Any CPU.Build.0 = Release|Any CPU
	EndGlobalSection
	GlobalSection(SolutionProperties) = preSolution
		HideSolutionNode = FALSE
	EndGlobalSection
	GlobalSection(ExtensibilityGlobals) = postSolution
		SolutionGuid = {566F3384-6F9E-4EDB-B710-929080710DBA}
	EndGlobalSection
EndGlobal
